
Microsoft Visual Studio Solution File, Format Version 12.00
# Visual Studio 15
VisualStudioVersion = 15.0.28307.1231
MinimumVisualStudioVersion = 10.0.40219.1
Project("{FAE04EC0-301F-11D3-BF4B-00C04F79EFBC}") = "Lecture_4_Exceptions", "Lecture_4_Exceptions\Lecture_4_Exceptions.csproj", "{E6ED2FAD-306E-45AA-BDD9-69EE6B70A8C5}"
EndProject
Global
	GlobalSection(SolutionConfigurationPlatforms) = preSolution
		Debug|Any CPU = Debug|Any CPU
		Release|Any CPU = Release|Any CPU
	EndGlobalSection
	GlobalSection(ProjectConfigurationPlatforms) = postSolution
		{E6ED2FAD-306E-45AA-BDD9-69EE6B70A8C5}.Debug|Any CPU.ActiveCfg = Debug|Any CPU
		{E6ED2FAD-306E-45AA-BDD9-69EE6B70A8C5}.Debug|Any CPU.Build.0 = Debug|Any CPU
		{E6ED2FAD-306E-45AA-BDD9-69EE6B70A8C5}.Release|Any CPU.ActiveCfg = Release|Any CPU
		{E6ED2FAD-306E-45AA-BDD9-69EE6B70A8C5}.Release|Any CPU.Build.0 = Release|Any CPU
	EndGlobalSection
	GlobalSection(SolutionProperties) = preSolution
		HideSolutionNode = FALSE
	EndGlobalSection
	GlobalSection(ExtensibilityGlobals) = postSolution
		SolutionGuid = {596DCB23-4024-43C8-B035-E2995A92A4B4}
	EndGlobalSection
EndGlobal
